{
  "name": "TemplateElectric",
  "lockfileVersion": 3,
  "requires": true,
  "packages": {
    "": {
      "dependencies": {
        "@multiplyco/tailwind-clj": "^1.0.3"
      }
    },
    "node_modules/@multiplyco/tailwind-clj": {
      "version": "1.0.3",
      "resolved": "https://registry.npmjs.org/@multiplyco/tailwind-clj/-/tailwind-clj-1.0.3.tgz",
      "integrity": "sha512-UcoSx6spcCyYOkylYG5aH8u/0esoJQrSukLBBeRmy/4T08R6ZD2NmSUof+LwmbCS9qF8m41O47mKhcLXnwFjsA=="
    }
  }
}
